# This file is automatically @generated by Cargo.
# It is not intended for manual editing.
version = 3

[[package]]
name = "circular-buffer"
version = "0.1.6"
source = "registry+https://github.com/rust-lang/crates.io-index"
checksum = "b8da9d36ad01a07a2c380bdece16e418820ffa8eda01d3debed9bff3f296a84f"

[[package]]
name = "grrs"
version = "0.1.0"
dependencies = [
 "circular-buffer",
]
